# This file is automatically @generated by Cargo.
# It is not intended for manual editing.
version = 4

[[package]]
name = "humaniser"
version = "0.2.0"
dependencies = [
 "unix_mode",
]

[[package]]
name = "unix_mode"
version = "0.1.4"
source = "registry+https://github.com/rust-lang/crates.io-index"
checksum = "b55eedc365f81a3c32aea49baf23fa965e3cd85bcc28fb8045708c7388d124ef"
